
Microsoft Visual Studio Solution File, Format Version 12.00
# Visual Studio Version 16
VisualStudioVersion = 16.0.33529.622
MinimumVisualStudioVersion = 10.0.40219.1
Project("{FAE04EC0-301F-11D3-BF4B-00C04F79EFBC}") = "Edukator.PresentationLayer", "Edukator.PresentationLayer\Edukator.PresentationLayer.csproj", "{F5A7B071-B9B0-4A76-89F5-537FE8C69C2C}"
EndProject
Project("{FAE04EC0-301F-11D3-BF4B-00C04F79EFBC}") = "Edukator.EntityLayer", "Edukator.EntityLayer\Edukator.EntityLayer.csproj", "{095D5FD8-F01A-41C0-A9BF-61A3303EE580}"
EndProject
Project("{FAE04EC0-301F-11D3-BF4B-00C04F79EFBC}") = "Edukator.DataAccessLayer", "Edukator.DataAccessLayer\Edukator.DataAccessLayer.csproj", "{815980B5-F1AC-446C-A8C0-561B1EC92D0B}"
EndProject
Project("{FAE04EC0-301F-11D3-BF4B-00C04F79EFBC}") = "Edukator.BusinessLayer", "EdukatorBusinessLayer\Edukator.BusinessLayer.csproj", "{77AB50ED-0F0B-4739-9FDC-84E32AEA0F12}"
EndProject
Project("{FAE04EC0-301F-11D3-BF4B-00C04F79EFBC}") = "Edukator.DtoLayer", "Edukator.DtoLayer\Edukator.DtoLayer.csproj", "{C4F31EFF-5F48-4E55-A894-285CB7111594}"
EndProject
Global
	GlobalSection(SolutionConfigurationPlatforms) = preSolution
		Debug|Any CPU = Debug|Any CPU
		Release|Any CPU = Release|Any CPU
	EndGlobalSection
	GlobalSection(ProjectConfigurationPlatforms) = postSolution
		{F5A7B071-B9B0-4A76-89F5-537FE8C69C2C}.Debug|Any CPU.ActiveCfg = Debug|Any CPU
		{F5A7B071-B9B0-4A76-89F5-537FE8C69C2C}.Debug|Any CPU.Build.0 = Debug|Any CPU
		{F5A7B071-B9B0-4A76-89F5-537FE8C69C2C}.Release|Any CPU.ActiveCfg = Release|Any CPU
		{F5A7B071-B9B0-4A76-89F5-537FE8C69C2C}.Release|Any CPU.Build.0 = Release|Any CPU
		{095D5FD8-F01A-41C0-A9BF-61A3303EE580}.Debug|Any CPU.ActiveCfg = Debug|Any CPU
		{095D5FD8-F01A-41C0-A9BF-61A3303EE580}.Debug|Any CPU.Build.0 = Debug|Any CPU
		{095D5FD8-F01A-41C0-A9BF-61A3303EE580}.Release|Any CPU.ActiveCfg = Release|Any CPU
		{095D5FD8-F01A-41C0-A9BF-61A3303EE580}.Release|Any CPU.Build.0 = Release|Any CPU
		{815980B5-F1AC-446C-A8C0-561B1EC92D0B}.Debug|Any CPU.ActiveCfg = Debug|Any CPU
		{815980B5-F1AC-446C-A8C0-561B1EC92D0B}.Debug|Any CPU.Build.0 = Debug|Any CPU
		{815980B5-F1AC-446C-A8C0-561B1EC92D0B}.Release|Any CPU.ActiveCfg = Release|Any CPU
		{815980B5-F1AC-446C-A8C0-561B1EC92D0B}.Release|Any CPU.Build.0 = Release|Any CPU
		{77AB50ED-0F0B-4739-9FDC-84E32AEA0F12}.Debug|Any CPU.ActiveCfg = Debug|Any CPU
		{77AB50ED-0F0B-4739-9FDC-84E32AEA0F12}.Debug|Any CPU.Build.0 = Debug|Any CPU
		{77AB50ED-0F0B-4739-9FDC-84E32AEA0F12}.Release|Any CPU.ActiveCfg = Release|Any CPU
		{77AB50ED-0F0B-4739-9FDC-84E32AEA0F12}.Release|Any CPU.Build.0 = Release|Any CPU
		{C4F31EFF-5F48-4E55-A894-285CB7111594}.Debug|Any CPU.ActiveCfg = Debug|Any CPU
		{C4F31EFF-5F48-4E55-A894-285CB7111594}.Debug|Any CPU.Build.0 = Debug|Any CPU
		{C4F31EFF-5F48-4E55-A894-285CB7111594}.Release|Any CPU.ActiveCfg = Release|Any CPU
		{C4F31EFF-5F48-4E55-A894-285CB7111594}.Release|Any CPU.Build.0 = Release|Any CPU
	EndGlobalSection
	GlobalSection(SolutionProperties) = preSolution
		HideSolutionNode = FALSE
	EndGlobalSection
	GlobalSection(ExtensibilityGlobals) = postSolution
		SolutionGuid = {F1D1D49B-9CAC-4D73-BB83-C6C26E0B27D5}
	EndGlobalSection
EndGlobal
